
Microsoft Visual Studio Solution File, Format Version 12.00
# Visual Studio 15
VisualStudioVersion = 15.0.27703.2000
MinimumVisualStudioVersion = 10.0.40219.1
Project("{FAE04EC0-301F-11D3-BF4B-00C04F79EFBC}") = "Raffles", "Raffles\Raffles.csproj", "{42F27180-B19B-4A15-AC48-7769C3A41D28}"
EndProject
Global
	GlobalSection(SolutionConfigurationPlatforms) = preSolution
		Debug|Any CPU = Debug|Any CPU
		Release|Any CPU = Release|Any CPU
	EndGlobalSection
	GlobalSection(ProjectConfigurationPlatforms) = postSolution
		{42F27180-B19B-4A15-AC48-7769C3A41D28}.Debug|Any CPU.ActiveCfg = Debug|Any CPU
		{42F27180-B19B-4A15-AC48-7769C3A41D28}.Debug|Any CPU.Build.0 = Debug|Any CPU
		{42F27180-B19B-4A15-AC48-7769C3A41D28}.Release|Any CPU.ActiveCfg = Release|Any CPU
		{42F27180-B19B-4A15-AC48-7769C3A41D28}.Release|Any CPU.Build.0 = Release|Any CPU
	EndGlobalSection
	GlobalSection(SolutionProperties) = preSolution
		HideSolutionNode = FALSE
	EndGlobalSection
	GlobalSection(ExtensibilityGlobals) = postSolution
		SolutionGuid = {77884120-BACE-4947-BC27-592FA57159A5}
	EndGlobalSection
EndGlobal
